
Microsoft Visual Studio Solution File, Format Version 12.00
# Visual Studio Version 17
VisualStudioVersion = 17.5.33424.131
MinimumVisualStudioVersion = 10.0.40219.1
Project("{FAE04EC0-301F-11D3-BF4B-00C04F79EFBC}") = "SistemaDeTarefas", "SistemaDeTarefas\SistemaDeTarefas.csproj", "{67C30A6F-AEE1-43EB-B2AD-3D17986B1DEE}"
EndProject
Global
	GlobalSection(SolutionConfigurationPlatforms) = preSolution
		Debug|Any CPU = Debug|Any CPU
		Release|Any CPU = Release|Any CPU
	EndGlobalSection
	GlobalSection(ProjectConfigurationPlatforms) = postSolution
		{67C30A6F-AEE1-43EB-B2AD-3D17986B1DEE}.Debug|Any CPU.ActiveCfg = Debug|Any CPU
		{67C30A6F-AEE1-43EB-B2AD-3D17986B1DEE}.Debug|Any CPU.Build.0 = Debug|Any CPU
		{67C30A6F-AEE1-43EB-B2AD-3D17986B1DEE}.Release|Any CPU.ActiveCfg = Release|Any CPU
		{67C30A6F-AEE1-43EB-B2AD-3D17986B1DEE}.Release|Any CPU.Build.0 = Release|Any CPU
	EndGlobalSection
	GlobalSection(SolutionProperties) = preSolution
		HideSolutionNode = FALSE
	EndGlobalSection
	GlobalSection(ExtensibilityGlobals) = postSolution
		SolutionGuid = {427F0FC7-6A12-4F7E-9419-F3B1D72A2C23}
	EndGlobalSection
EndGlobal
